
Microsoft Visual Studio Solution File, Format Version 12.00
# Visual Studio 15
Project("{FAE04EC0-301F-11D3-BF4B-00C04F79EFBC}") = "MasterControlApiPOC", "MasterControlApiPOC\MasterControlApiPOC.csproj", "{CC85AED3-D564-4657-B4AB-628C4C8FF10B}"
EndProject
Global
	GlobalSection(SolutionConfigurationPlatforms) = preSolution
		Debug|Any CPU = Debug|Any CPU
		Release|Any CPU = Release|Any CPU
	EndGlobalSection
	GlobalSection(ProjectConfigurationPlatforms) = postSolution
		{CC85AED3-D564-4657-B4AB-628C4C8FF10B}.Debug|Any CPU.ActiveCfg = Debug|Any CPU
		{CC85AED3-D564-4657-B4AB-628C4C8FF10B}.Debug|Any CPU.Build.0 = Debug|Any CPU
		{CC85AED3-D564-4657-B4AB-628C4C8FF10B}.Release|Any CPU.ActiveCfg = Release|Any CPU
		{CC85AED3-D564-4657-B4AB-628C4C8FF10B}.Release|Any CPU.Build.0 = Release|Any CPU
	EndGlobalSection
EndGlobal
